
Microsoft Visual Studio Solution File, Format Version 12.00
# Visual Studio Version 17
VisualStudioVersion = 17.7.33808.371
MinimumVisualStudioVersion = 10.0.40219.1
Project("{9A19103F-16F7-4668-BE54-9A1E7A4F7556}") = "BulkyWeb", "BulkyWeb\BulkyWeb.csproj", "{5E86C77E-233F-4296-A6C6-8C2865903E60}"
EndProject
Project("{FAE04EC0-301F-11D3-BF4B-00C04F79EFBC}") = "Bulky.DataAccess", "Bulky.DataAccess\Bulky.DataAccess.csproj", "{E7F4725D-D909-4947-88CB-8064C643D4EB}"
EndProject
Project("{FAE04EC0-301F-11D3-BF4B-00C04F79EFBC}") = "Bulky.Models", "Bulky.Models\Bulky.Models.csproj", "{ABB53EC6-D6C2-4AF7-B485-ED05A5DE97F8}"
EndProject
Project("{FAE04EC0-301F-11D3-BF4B-00C04F79EFBC}") = "Bulky.Utility", "Bulky.Utility\Bulky.Utility.csproj", "{6F18CE13-D2C5-4B2D-BBD2-1030DC395917}"
EndProject
Global
	GlobalSection(SolutionConfigurationPlatforms) = preSolution
		Debug|Any CPU = Debug|Any CPU
		Release|Any CPU = Release|Any CPU
	EndGlobalSection
	GlobalSection(ProjectConfigurationPlatforms) = postSolution
		{5E86C77E-233F-4296-A6C6-8C2865903E60}.Debug|Any CPU.ActiveCfg = Debug|Any CPU
		{5E86C77E-233F-4296-A6C6-8C2865903E60}.Debug|Any CPU.Build.0 = Debug|Any CPU
		{5E86C77E-233F-4296-A6C6-8C2865903E60}.Release|Any CPU.ActiveCfg = Release|Any CPU
		{5E86C77E-233F-4296-A6C6-8C2865903E60}.Release|Any CPU.Build.0 = Release|Any CPU
		{E7F4725D-D909-4947-88CB-8064C643D4EB}.Debug|Any CPU.ActiveCfg = Debug|Any CPU
		{E7F4725D-D909-4947-88CB-8064C643D4EB}.Debug|Any CPU.Build.0 = Debug|Any CPU
		{E7F4725D-D909-4947-88CB-8064C643D4EB}.Release|Any CPU.ActiveCfg = Release|Any CPU
		{E7F4725D-D909-4947-88CB-8064C643D4EB}.Release|Any CPU.Build.0 = Release|Any CPU
		{ABB53EC6-D6C2-4AF7-B485-ED05A5DE97F8}.Debug|Any CPU.ActiveCfg = Debug|Any CPU
		{ABB53EC6-D6C2-4AF7-B485-ED05A5DE97F8}.Debug|Any CPU.Build.0 = Debug|Any CPU
		{ABB53EC6-D6C2-4AF7-B485-ED05A5DE97F8}.Release|Any CPU.ActiveCfg = Release|Any CPU
		{ABB53EC6-D6C2-4AF7-B485-ED05A5DE97F8}.Release|Any CPU.Build.0 = Release|Any CPU
		{6F18CE13-D2C5-4B2D-BBD2-1030DC395917}.Debug|Any CPU.ActiveCfg = Debug|Any CPU
		{6F18CE13-D2C5-4B2D-BBD2-1030DC395917}.Debug|Any CPU.Build.0 = Debug|Any CPU
		{6F18CE13-D2C5-4B2D-BBD2-1030DC395917}.Release|Any CPU.ActiveCfg = Release|Any CPU
		{6F18CE13-D2C5-4B2D-BBD2-1030DC395917}.Release|Any CPU.Build.0 = Release|Any CPU
	EndGlobalSection
	GlobalSection(SolutionProperties) = preSolution
		HideSolutionNode = FALSE
	EndGlobalSection
	GlobalSection(ExtensibilityGlobals) = postSolution
		SolutionGuid = {F52B666C-4551-4C90-8A81-2738164365FA}
	EndGlobalSection
EndGlobal
